
Microsoft Visual Studio Solution File, Format Version 12.00
# Visual Studio Version 16
VisualStudioVersion = 16.0.28803.916
MinimumVisualStudioVersion = 10.0.40219.1
Project("{FAE04EC0-301F-11D3-BF4B-00C04F79EFBC}") = "Projeto3", "Projeto3\Projeto3.csproj", "{2B001F43-287C-49F0-B7DD-9EAB3B38D01C}"
EndProject
Global
	GlobalSection(SolutionConfigurationPlatforms) = preSolution
		Debug|Any CPU = Debug|Any CPU
		Release|Any CPU = Release|Any CPU
	EndGlobalSection
	GlobalSection(ProjectConfigurationPlatforms) = postSolution
		{2B001F43-287C-49F0-B7DD-9EAB3B38D01C}.Debug|Any CPU.ActiveCfg = Debug|Any CPU
		{2B001F43-287C-49F0-B7DD-9EAB3B38D01C}.Debug|Any CPU.Build.0 = Debug|Any CPU
		{2B001F43-287C-49F0-B7DD-9EAB3B38D01C}.Release|Any CPU.ActiveCfg = Release|Any CPU
		{2B001F43-287C-49F0-B7DD-9EAB3B38D01C}.Release|Any CPU.Build.0 = Release|Any CPU
	EndGlobalSection
	GlobalSection(SolutionProperties) = preSolution
		HideSolutionNode = FALSE
	EndGlobalSection
	GlobalSection(ExtensibilityGlobals) = postSolution
		SolutionGuid = {D4BCBACA-1066-46A6-B50A-22B7D1B26AD8}
	EndGlobalSection
EndGlobal
